
Microsoft Visual Studio Solution File, Format Version 12.00
# Visual Studio 14
VisualStudioVersion = 14.0.23107.0
MinimumVisualStudioVersion = 10.0.40219.1
Project("{FAE04EC0-301F-11D3-BF4B-00C04F79EFBC}") = "BookStore.Viewer", "Application\BookStore.Viewer\BookStore.Viewer.csproj", "{0A8D2963-C0F6-4AAE-A7D3-7E5270945A6E}"
EndProject
Project("{2150E333-8FDC-42A3-9474-1A3956D46DE8}") = "Modules", "Modules", "{2AC2D96F-B218-4E7D-99D2-E35C78916363}"
EndProject
Project("{2150E333-8FDC-42A3-9474-1A3956D46DE8}") = "Shared", "Shared", "{4CEAC876-A4E9-43BA-9786-BC22B13C2601}"
EndProject
Project("{FAE04EC0-301F-11D3-BF4B-00C04F79EFBC}") = "BookStore.Shared", "Shared\BookStore.Shared\BookStore.Shared.csproj", "{7DD0DD42-4C2E-4110-8CCE-53429FCC3783}"
EndProject
Project("{FAE04EC0-301F-11D3-BF4B-00C04F79EFBC}") = "ModuleBook", "Modules\ModuleBook\ModuleBook.csproj", "{65F8D6A4-8A6E-4396-9AB5-D42D9A414084}"
EndProject
Project("{2150E333-8FDC-42A3-9474-1A3956D46DE8}") = "Core", "Core", "{E99D4FC4-8212-4A6F-BDB7-5BCD58C25B74}"
EndProject
Project("{FAE04EC0-301F-11D3-BF4B-00C04F79EFBC}") = "BookStore.Core", "Core\BookStore.Core\BookStore.Core.csproj", "{D6DFE91D-5D95-498A-AC64-4D0A31EFC744}"
EndProject
Project("{FAE04EC0-301F-11D3-BF4B-00C04F79EFBC}") = "ModuleAuthor", "Modules\ModuleAuthor\ModuleAuthor.csproj", "{B04E8600-6526-48BE-A842-823E2F9D84CF}"
EndProject
Project("{FAE04EC0-301F-11D3-BF4B-00C04F79EFBC}") = "ModuleCategory", "Modules\ModuleCategory\ModuleCategory.csproj", "{8A1415A6-0F6D-41E3-A4AE-5A34F7FB5AD0}"
EndProject
Project("{FAE04EC0-301F-11D3-BF4B-00C04F79EFBC}") = "ModuleStatusbar", "Modules\ModuleStatusbar\ModuleStatusbar.csproj", "{E989F736-8B82-4B05-9DEE-4C72C26EF6B3}"
EndProject
Project("{2150E333-8FDC-42A3-9474-1A3956D46DE8}") = "Repo", "Repo", "{9A88C4C3-6BE4-4325-A95D-330BFA0B2A35}"
EndProject
Project("{FAE04EC0-301F-11D3-BF4B-00C04F79EFBC}") = "BookStore.SqlRepo", "Repo\BookStore.SqlRepo\BookStore.SqlRepo.csproj", "{4534D79D-3E3F-4930-B211-7A466EC72E27}"
EndProject
Project("{FAE04EC0-301F-11D3-BF4B-00C04F79EFBC}") = "BookStore.Interface", "Repo\BookStore.Interface\BookStore.Interface.csproj", "{D128F86B-195D-4245-9AF8-0E8D2246FD49}"
EndProject
Project("{FAE04EC0-301F-11D3-BF4B-00C04F79EFBC}") = "BookStore.Extension", "Core\BookStore.Extension\BookStore.Extension.csproj", "{FCC324D9-E09A-4C75-A213-0E6F2C867CF4}"
EndProject
Project("{FAE04EC0-301F-11D3-BF4B-00C04F79EFBC}") = "BookStore.Service", "Core\BookStore.Service\BookStore.Service.csproj", "{4D076FE1-4880-46FC-A175-7F95892F9072}"
EndProject
Global
	GlobalSection(SolutionConfigurationPlatforms) = preSolution
		Debug|Any CPU = Debug|Any CPU
		Release|Any CPU = Release|Any CPU
	EndGlobalSection
	GlobalSection(ProjectConfigurationPlatforms) = postSolution
		{0A8D2963-C0F6-4AAE-A7D3-7E5270945A6E}.Debug|Any CPU.ActiveCfg = Debug|Any CPU
		{0A8D2963-C0F6-4AAE-A7D3-7E5270945A6E}.Debug|Any CPU.Build.0 = Debug|Any CPU
		{0A8D2963-C0F6-4AAE-A7D3-7E5270945A6E}.Release|Any CPU.ActiveCfg = Release|Any CPU
		{0A8D2963-C0F6-4AAE-A7D3-7E5270945A6E}.Release|Any CPU.Build.0 = Release|Any CPU
		{7DD0DD42-4C2E-4110-8CCE-53429FCC3783}.Debug|Any CPU.ActiveCfg = Debug|Any CPU
		{7DD0DD42-4C2E-4110-8CCE-53429FCC3783}.Debug|Any CPU.Build.0 = Debug|Any CPU
		{7DD0DD42-4C2E-4110-8CCE-53429FCC3783}.Release|Any CPU.ActiveCfg = Release|Any CPU
		{7DD0DD42-4C2E-4110-8CCE-53429FCC3783}.Release|Any CPU.Build.0 = Release|Any CPU
		{65F8D6A4-8A6E-4396-9AB5-D42D9A414084}.Debug|Any CPU.ActiveCfg = Debug|Any CPU
		{65F8D6A4-8A6E-4396-9AB5-D42D9A414084}.Debug|Any CPU.Build.0 = Debug|Any CPU
		{65F8D6A4-8A6E-4396-9AB5-D42D9A414084}.Release|Any CPU.ActiveCfg = Release|Any CPU
		{65F8D6A4-8A6E-4396-9AB5-D42D9A414084}.Release|Any CPU.Build.0 = Release|Any CPU
		{D6DFE91D-5D95-498A-AC64-4D0A31EFC744}.Debug|Any CPU.ActiveCfg = Debug|Any CPU
		{D6DFE91D-5D95-498A-AC64-4D0A31EFC744}.Debug|Any CPU.Build.0 = Debug|Any CPU
		{D6DFE91D-5D95-498A-AC64-4D0A31EFC744}.Release|Any CPU.ActiveCfg = Release|Any CPU
		{D6DFE91D-5D95-498A-AC64-4D0A31EFC744}.Release|Any CPU.Build.0 = Release|Any CPU
		{B04E8600-6526-48BE-A842-823E2F9D84CF}.Debug|Any CPU.ActiveCfg = Debug|Any CPU
		{B04E8600-6526-48BE-A842-823E2F9D84CF}.Debug|Any CPU.Build.0 = Debug|Any CPU
		{B04E8600-6526-48BE-A842-823E2F9D84CF}.Release|Any CPU.ActiveCfg = Release|Any CPU
		{B04E8600-6526-48BE-A842-823E2F9D84CF}.Release|Any CPU.Build.0 = Release|Any CPU
		{8A1415A6-0F6D-41E3-A4AE-5A34F7FB5AD0}.Debug|Any CPU.ActiveCfg = Debug|Any CPU
		{8A1415A6-0F6D-41E3-A4AE-5A34F7FB5AD0}.Debug|Any CPU.Build.0 = Debug|Any CPU
		{8A1415A6-0F6D-41E3-A4AE-5A34F7FB5AD0}.Release|Any CPU.ActiveCfg = Release|Any CPU
		{8A1415A6-0F6D-41E3-A4AE-5A34F7FB5AD0}.Release|Any CPU.Build.0 = Release|Any CPU
		{E989F736-8B82-4B05-9DEE-4C72C26EF6B3}.Debug|Any CPU.ActiveCfg = Debug|Any CPU
		{E989F736-8B82-4B05-9DEE-4C72C26EF6B3}.Debug|Any CPU.Build.0 = Debug|Any CPU
		{E989F736-8B82-4B05-9DEE-4C72C26EF6B3}.Release|Any CPU.ActiveCfg = Release|Any CPU
		{E989F736-8B82-4B05-9DEE-4C72C26EF6B3}.Release|Any CPU.Build.0 = Release|Any CPU
		{4534D79D-3E3F-4930-B211-7A466EC72E27}.Debug|Any CPU.ActiveCfg = Debug|Any CPU
		{4534D79D-3E3F-4930-B211-7A466EC72E27}.Debug|Any CPU.Build.0 = Debug|Any CPU
		{4534D79D-3E3F-4930-B211-7A466EC72E27}.Release|Any CPU.ActiveCfg = Release|Any CPU
		{4534D79D-3E3F-4930-B211-7A466EC72E27}.Release|Any CPU.Build.0 = Release|Any CPU
		{D128F86B-195D-4245-9AF8-0E8D2246FD49}.Debug|Any CPU.ActiveCfg = Debug|Any CPU
		{D128F86B-195D-4245-9AF8-0E8D2246FD49}.Debug|Any CPU.Build.0 = Debug|Any CPU
		{D128F86B-195D-4245-9AF8-0E8D2246FD49}.Release|Any CPU.ActiveCfg = Release|Any CPU
		{D128F86B-195D-4245-9AF8-0E8D2246FD49}.Release|Any CPU.Build.0 = Release|Any CPU
		{FCC324D9-E09A-4C75-A213-0E6F2C867CF4}.Debug|Any CPU.ActiveCfg = Debug|Any CPU
		{FCC324D9-E09A-4C75-A213-0E6F2C867CF4}.Debug|Any CPU.Build.0 = Debug|Any CPU
		{FCC324D9-E09A-4C75-A213-0E6F2C867CF4}.Release|Any CPU.ActiveCfg = Release|Any CPU
		{FCC324D9-E09A-4C75-A213-0E6F2C867CF4}.Release|Any CPU.Build.0 = Release|Any CPU
		{4D076FE1-4880-46FC-A175-7F95892F9072}.Debug|Any CPU.ActiveCfg = Debug|Any CPU
		{4D076FE1-4880-46FC-A175-7F95892F9072}.Debug|Any CPU.Build.0 = Debug|Any CPU
		{4D076FE1-4880-46FC-A175-7F95892F9072}.Release|Any CPU.ActiveCfg = Release|Any CPU
		{4D076FE1-4880-46FC-A175-7F95892F9072}.Release|Any CPU.Build.0 = Release|Any CPU
	EndGlobalSection
	GlobalSection(SolutionProperties) = preSolution
		HideSolutionNode = FALSE
	EndGlobalSection
	GlobalSection(NestedProjects) = preSolution
		{7DD0DD42-4C2E-4110-8CCE-53429FCC3783} = {4CEAC876-A4E9-43BA-9786-BC22B13C2601}
		{65F8D6A4-8A6E-4396-9AB5-D42D9A414084} = {2AC2D96F-B218-4E7D-99D2-E35C78916363}
		{D6DFE91D-5D95-498A-AC64-4D0A31EFC744} = {E99D4FC4-8212-4A6F-BDB7-5BCD58C25B74}
		{B04E8600-6526-48BE-A842-823E2F9D84CF} = {2AC2D96F-B218-4E7D-99D2-E35C78916363}
		{8A1415A6-0F6D-41E3-A4AE-5A34F7FB5AD0} = {2AC2D96F-B218-4E7D-99D2-E35C78916363}
		{E989F736-8B82-4B05-9DEE-4C72C26EF6B3} = {2AC2D96F-B218-4E7D-99D2-E35C78916363}
		{4534D79D-3E3F-4930-B211-7A466EC72E27} = {9A88C4C3-6BE4-4325-A95D-330BFA0B2A35}
		{D128F86B-195D-4245-9AF8-0E8D2246FD49} = {9A88C4C3-6BE4-4325-A95D-330BFA0B2A35}
		{FCC324D9-E09A-4C75-A213-0E6F2C867CF4} = {E99D4FC4-8212-4A6F-BDB7-5BCD58C25B74}
		{4D076FE1-4880-46FC-A175-7F95892F9072} = {E99D4FC4-8212-4A6F-BDB7-5BCD58C25B74}
	EndGlobalSection
EndGlobal
